
Microsoft Visual Studio Solution File, Format Version 12.00
# Visual Studio 14
VisualStudioVersion = 14.0.25420.1
MinimumVisualStudioVersion = 10.0.40219.1
Project("{2150E333-8FDC-42A3-9474-1A3956D46DE8}") = "KK", "KK", "{CA4C041F-9B3B-4451-AD00-9407E18F605B}"
EndProject
Project("{FAE04EC0-301F-11D3-BF4B-00C04F79EFBC}") = "DS.Algorithms.KK", "DS.Algorithms.KK\DS.Algorithms.KK.csproj", "{FC70460F-B7A2-48CA-993E-049EB5320F29}"
EndProject
Project("{2150E333-8FDC-42A3-9474-1A3956D46DE8}") = "Satish", "Satish", "{0BB392D0-422C-43DD-A4E2-33E9622DA470}"
EndProject
Project("{2150E333-8FDC-42A3-9474-1A3956D46DE8}") = "PrinceJoel", "PrinceJoel", "{CB44A5D4-5EE3-460A-9385-9C48281980B1}"
EndProject
Project("{2150E333-8FDC-42A3-9474-1A3956D46DE8}") = "David", "David", "{B0CC7895-065F-49FD-AC2D-F95E17BBBD3A}"
EndProject
Project("{2150E333-8FDC-42A3-9474-1A3956D46DE8}") = "ShashiPriya", "ShashiPriya", "{FB1236FE-1030-4552-A49F-BF782F76A5EF}"
EndProject
Project("{2150E333-8FDC-42A3-9474-1A3956D46DE8}") = "Srikanth", "Srikanth", "{43B76DD2-E4A8-44E6-9591-CA053F6C9275}"
EndProject
Project("{2150E333-8FDC-42A3-9474-1A3956D46DE8}") = "RajaRamesh", "RajaRamesh", "{6C83A02B-CAD3-46A9-82F1-69E3F622F81A}"
EndProject
Project("{2150E333-8FDC-42A3-9474-1A3956D46DE8}") = "Bhanu", "Bhanu", "{FAF9C4B7-D06F-4B29-A83B-91DCDB99EBAB}"
EndProject
Project("{2150E333-8FDC-42A3-9474-1A3956D46DE8}") = "EP", "EP", "{152C97EB-D7C0-43EB-8601-CBD88297524C}"
EndProject
Project("{2150E333-8FDC-42A3-9474-1A3956D46DE8}") = "Srini", "Srini", "{63D4C359-48B6-417C-8EDC-9A27959BEDCB}"
EndProject
Project("{2150E333-8FDC-42A3-9474-1A3956D46DE8}") = "Kranthi", "Kranthi", "{4CD3A860-0D49-47F5-98F3-D3056741BAB3}"
EndProject
Project("{2150E333-8FDC-42A3-9474-1A3956D46DE8}") = "RajaM", "RajaM", "{67079C13-C5F5-4B0B-91C0-A05E40547881}"
EndProject
Project("{2150E333-8FDC-42A3-9474-1A3956D46DE8}") = "JP", "JP", "{98FA45C2-115C-42F1-8354-03083B8EA067}"
EndProject
Project("{2150E333-8FDC-42A3-9474-1A3956D46DE8}") = "Sandeep", "Sandeep", "{1B3807DD-6FFB-45A2-984D-AD63B5795F57}"
EndProject
Project("{FAE04EC0-301F-11D3-BF4B-00C04F79EFBC}") = "DS.Algorithms.Bhanu", "DS.Algorithms.Bhanu\DS.Algorithms.Bhanu.csproj", "{31D05C17-4499-4D0C-AEF3-800EDC13510E}"
EndProject
Project("{FAE04EC0-301F-11D3-BF4B-00C04F79EFBC}") = "DS.Algorithms.David", "DS.Algorithms.David\DS.Algorithms.David.csproj", "{5D26656E-3BA5-4FF8-8AFB-ECF82ED948A3}"
EndProject
Project("{FAE04EC0-301F-11D3-BF4B-00C04F79EFBC}") = "DS.Algorithms.EP", "DS.Algorithms.EP\DS.Algorithms.EP.csproj", "{C7C9E907-7F66-4A07-BA6E-2AACF59AE8CA}"
EndProject
Project("{FAE04EC0-301F-11D3-BF4B-00C04F79EFBC}") = "DS.Algorithms.JP", "DS.Algorithms.JP\DS.Algorithms.JP.csproj", "{79416C05-1B15-4C02-8B27-9BAD93BCBE7E}"
EndProject
Project("{FAE04EC0-301F-11D3-BF4B-00C04F79EFBC}") = "DS.Algorithms.Kranthi", "DS.Algorithms.Kranthi\DS.Algorithms.Kranthi.csproj", "{DF374D3E-A7CF-4552-B99C-620B3991907A}"
EndProject
Project("{FAE04EC0-301F-11D3-BF4B-00C04F79EFBC}") = "DS.Algorithms.PrinceJoel", "DS.Algorithms.PrinceJoel\DS.Algorithms.PrinceJoel.csproj", "{E96DC5C5-6574-419A-9C8D-7A0D37FFFBFA}"
EndProject
Project("{FAE04EC0-301F-11D3-BF4B-00C04F79EFBC}") = "DS.Algorithms.RajaM", "DS.Algorithms.RajaM\DS.Algorithms.RajaM.csproj", "{1C73C866-CAD6-4097-85EB-D0ECA10C7923}"
EndProject
Project("{FAE04EC0-301F-11D3-BF4B-00C04F79EFBC}") = "DS.Algorithms.RajaRamesh", "DS.Algorithms.RajaRamesh\DS.Algorithms.RajaRamesh.csproj", "{26FFC9F5-9028-4830-A1EB-2DC090BE92E9}"
EndProject
Project("{FAE04EC0-301F-11D3-BF4B-00C04F79EFBC}") = "DS.Algorithms.Sandeep", "DS.Algorithms.Sandeep\DS.Algorithms.Sandeep.csproj", "{894DEDBF-5035-4CB9-898B-C6A161EC6C97}"
EndProject
Project("{FAE04EC0-301F-11D3-BF4B-00C04F79EFBC}") = "DS.Algorithms.Satish", "DS.Algorithms.Satish\DS.Algorithms.Satish.csproj", "{671C53DD-E8EA-41D0-8E87-A4E0D3586F7E}"
EndProject
Project("{FAE04EC0-301F-11D3-BF4B-00C04F79EFBC}") = "DS.Algorithms.ShashiPriya", "DS.Algorithms.ShashiPriya\DS.Algorithms.ShashiPriya.csproj", "{7C492B85-A22C-48E1-AAC6-A8E15374ED3B}"
EndProject
Project("{FAE04EC0-301F-11D3-BF4B-00C04F79EFBC}") = "Srikanth", "Srikanth\Srikanth.csproj", "{8872664B-CAD4-4BF5-9738-B32B4D3756B8}"
EndProject
Project("{FAE04EC0-301F-11D3-BF4B-00C04F79EFBC}") = "DS.Algorithms.Srini", "DS.Algorithms.Srini\DS.Algorithms.Srini.csproj", "{675C55CF-2852-4DE0-A4EB-DB61C8737D7F}"
EndProject
Project("{2150E333-8FDC-42A3-9474-1A3956D46DE8}") = "Kishore", "Kishore", "{5DEFD01E-0370-4156-BE40-C0F14FBEF2CB}"
EndProject
Project("{FAE04EC0-301F-11D3-BF4B-00C04F79EFBC}") = "DS.Algorithms.KishoreN", "DS.Algorithms.KishoreN\DS.Algorithms.KishoreN.csproj", "{23DD65E2-3391-4A5F-8A7A-2289671AA731}"
EndProject
Global
	GlobalSection(SolutionConfigurationPlatforms) = preSolution
		Debug|Any CPU = Debug|Any CPU
		Debug|x64 = Debug|x64
		Debug|x86 = Debug|x86
		Release|Any CPU = Release|Any CPU
		Release|x64 = Release|x64
		Release|x86 = Release|x86
	EndGlobalSection
	GlobalSection(ProjectConfigurationPlatforms) = postSolution
		{FC70460F-B7A2-48CA-993E-049EB5320F29}.Debug|Any CPU.ActiveCfg = Debug|Any CPU
		{FC70460F-B7A2-48CA-993E-049EB5320F29}.Debug|Any CPU.Build.0 = Debug|Any CPU
		{FC70460F-B7A2-48CA-993E-049EB5320F29}.Debug|x64.ActiveCfg = Debug|Any CPU
		{FC70460F-B7A2-48CA-993E-049EB5320F29}.Debug|x64.Build.0 = Debug|Any CPU
		{FC70460F-B7A2-48CA-993E-049EB5320F29}.Debug|x86.ActiveCfg = Debug|Any CPU
		{FC70460F-B7A2-48CA-993E-049EB5320F29}.Debug|x86.Build.0 = Debug|Any CPU
		{FC70460F-B7A2-48CA-993E-049EB5320F29}.Release|Any CPU.ActiveCfg = Release|Any CPU
		{FC70460F-B7A2-48CA-993E-049EB5320F29}.Release|Any CPU.Build.0 = Release|Any CPU
		{FC70460F-B7A2-48CA-993E-049EB5320F29}.Release|x64.ActiveCfg = Release|Any CPU
		{FC70460F-B7A2-48CA-993E-049EB5320F29}.Release|x64.Build.0 = Release|Any CPU
		{FC70460F-B7A2-48CA-993E-049EB5320F29}.Release|x86.ActiveCfg = Release|Any CPU
		{FC70460F-B7A2-48CA-993E-049EB5320F29}.Release|x86.Build.0 = Release|Any CPU
		{31D05C17-4499-4D0C-AEF3-800EDC13510E}.Debug|Any CPU.ActiveCfg = Debug|Any CPU
		{31D05C17-4499-4D0C-AEF3-800EDC13510E}.Debug|Any CPU.Build.0 = Debug|Any CPU
		{31D05C17-4499-4D0C-AEF3-800EDC13510E}.Debug|x64.ActiveCfg = Debug|Any CPU
		{31D05C17-4499-4D0C-AEF3-800EDC13510E}.Debug|x64.Build.0 = Debug|Any CPU
		{31D05C17-4499-4D0C-AEF3-800EDC13510E}.Debug|x86.ActiveCfg = Debug|Any CPU
		{31D05C17-4499-4D0C-AEF3-800EDC13510E}.Debug|x86.Build.0 = Debug|Any CPU
		{31D05C17-4499-4D0C-AEF3-800EDC13510E}.Release|Any CPU.ActiveCfg = Release|Any CPU
		{31D05C17-4499-4D0C-AEF3-800EDC13510E}.Release|Any CPU.Build.0 = Release|Any CPU
		{31D05C17-4499-4D0C-AEF3-800EDC13510E}.Release|x64.ActiveCfg = Release|Any CPU
		{31D05C17-4499-4D0C-AEF3-800EDC13510E}.Release|x64.Build.0 = Release|Any CPU
		{31D05C17-4499-4D0C-AEF3-800EDC13510E}.Release|x86.ActiveCfg = Release|Any CPU
		{31D05C17-4499-4D0C-AEF3-800EDC13510E}.Release|x86.Build.0 = Release|Any CPU
		{5D26656E-3BA5-4FF8-8AFB-ECF82ED948A3}.Debug|Any CPU.ActiveCfg = Debug|Any CPU
		{5D26656E-3BA5-4FF8-8AFB-ECF82ED948A3}.Debug|Any CPU.Build.0 = Debug|Any CPU
		{5D26656E-3BA5-4FF8-8AFB-ECF82ED948A3}.Debug|x64.ActiveCfg = Debug|Any CPU
		{5D26656E-3BA5-4FF8-8AFB-ECF82ED948A3}.Debug|x64.Build.0 = Debug|Any CPU
		{5D26656E-3BA5-4FF8-8AFB-ECF82ED948A3}.Debug|x86.ActiveCfg = Debug|Any CPU
		{5D26656E-3BA5-4FF8-8AFB-ECF82ED948A3}.Debug|x86.Build.0 = Debug|Any CPU
		{5D26656E-3BA5-4FF8-8AFB-ECF82ED948A3}.Release|Any CPU.ActiveCfg = Release|Any CPU
		{5D26656E-3BA5-4FF8-8AFB-ECF82ED948A3}.Release|Any CPU.Build.0 = Release|Any CPU
		{5D26656E-3BA5-4FF8-8AFB-ECF82ED948A3}.Release|x64.ActiveCfg = Release|Any CPU
		{5D26656E-3BA5-4FF8-8AFB-ECF82ED948A3}.Release|x64.Build.0 = Release|Any CPU
		{5D26656E-3BA5-4FF8-8AFB-ECF82ED948A3}.Release|x86.ActiveCfg = Release|Any CPU
		{5D26656E-3BA5-4FF8-8AFB-ECF82ED948A3}.Release|x86.Build.0 = Release|Any CPU
		{C7C9E907-7F66-4A07-BA6E-2AACF59AE8CA}.Debug|Any CPU.ActiveCfg = Debug|Any CPU
		{C7C9E907-7F66-4A07-BA6E-2AACF59AE8CA}.Debug|Any CPU.Build.0 = Debug|Any CPU
		{C7C9E907-7F66-4A07-BA6E-2AACF59AE8CA}.Debug|x64.ActiveCfg = Debug|Any CPU
		{C7C9E907-7F66-4A07-BA6E-2AACF59AE8CA}.Debug|x64.Build.0 = Debug|Any CPU
		{C7C9E907-7F66-4A07-BA6E-2AACF59AE8CA}.Debug|x86.ActiveCfg = Debug|Any CPU
		{C7C9E907-7F66-4A07-BA6E-2AACF59AE8CA}.Debug|x86.Build.0 = Debug|Any CPU
		{C7C9E907-7F66-4A07-BA6E-2AACF59AE8CA}.Release|Any CPU.ActiveCfg = Release|Any CPU
		{C7C9E907-7F66-4A07-BA6E-2AACF59AE8CA}.Release|Any CPU.Build.0 = Release|Any CPU
		{C7C9E907-7F66-4A07-BA6E-2AACF59AE8CA}.Release|x64.ActiveCfg = Release|Any CPU
		{C7C9E907-7F66-4A07-BA6E-2AACF59AE8CA}.Release|x64.Build.0 = Release|Any CPU
		{C7C9E907-7F66-4A07-BA6E-2AACF59AE8CA}.Release|x86.ActiveCfg = Release|Any CPU
		{C7C9E907-7F66-4A07-BA6E-2AACF59AE8CA}.Release|x86.Build.0 = Release|Any CPU
		{79416C05-1B15-4C02-8B27-9BAD93BCBE7E}.Debug|Any CPU.ActiveCfg = Debug|Any CPU
		{79416C05-1B15-4C02-8B27-9BAD93BCBE7E}.Debug|Any CPU.Build.0 = Debug|Any CPU
		{79416C05-1B15-4C02-8B27-9BAD93BCBE7E}.Debug|x64.ActiveCfg = Debug|Any CPU
		{79416C05-1B15-4C02-8B27-9BAD93BCBE7E}.Debug|x64.Build.0 = Debug|Any CPU
		{79416C05-1B15-4C02-8B27-9BAD93BCBE7E}.Debug|x86.ActiveCfg = Debug|Any CPU
		{79416C05-1B15-4C02-8B27-9BAD93BCBE7E}.Debug|x86.Build.0 = Debug|Any CPU
		{79416C05-1B15-4C02-8B27-9BAD93BCBE7E}.Release|Any CPU.ActiveCfg = Release|Any CPU
		{79416C05-1B15-4C02-8B27-9BAD93BCBE7E}.Release|Any CPU.Build.0 = Release|Any CPU
		{79416C05-1B15-4C02-8B27-9BAD93BCBE7E}.Release|x64.ActiveCfg = Release|Any CPU
		{79416C05-1B15-4C02-8B27-9BAD93BCBE7E}.Release|x64.Build.0 = Release|Any CPU
		{79416C05-1B15-4C02-8B27-9BAD93BCBE7E}.Release|x86.ActiveCfg = Release|Any CPU
		{79416C05-1B15-4C02-8B27-9BAD93BCBE7E}.Release|x86.Build.0 = Release|Any CPU
		{DF374D3E-A7CF-4552-B99C-620B3991907A}.Debug|Any CPU.ActiveCfg = Debug|Any CPU
		{DF374D3E-A7CF-4552-B99C-620B3991907A}.Debug|Any CPU.Build.0 = Debug|Any CPU
		{DF374D3E-A7CF-4552-B99C-620B3991907A}.Debug|x64.ActiveCfg = Debug|Any CPU
		{DF374D3E-A7CF-4552-B99C-620B3991907A}.Debug|x64.Build.0 = Debug|Any CPU
		{DF374D3E-A7CF-4552-B99C-620B3991907A}.Debug|x86.ActiveCfg = Debug|Any CPU
		{DF374D3E-A7CF-4552-B99C-620B3991907A}.Debug|x86.Build.0 = Debug|Any CPU
		{DF374D3E-A7CF-4552-B99C-620B3991907A}.Release|Any CPU.ActiveCfg = Release|Any CPU
		{DF374D3E-A7CF-4552-B99C-620B3991907A}.Release|Any CPU.Build.0 = Release|Any CPU
		{DF374D3E-A7CF-4552-B99C-620B3991907A}.Release|x64.ActiveCfg = Release|Any CPU
		{DF374D3E-A7CF-4552-B99C-620B3991907A}.Release|x64.Build.0 = Release|Any CPU
		{DF374D3E-A7CF-4552-B99C-620B3991907A}.Release|x86.ActiveCfg = Release|Any CPU
		{DF374D3E-A7CF-4552-B99C-620B3991907A}.Release|x86.Build.0 = Release|Any CPU
		{E96DC5C5-6574-419A-9C8D-7A0D37FFFBFA}.Debug|Any CPU.ActiveCfg = Debug|Any CPU
		{E96DC5C5-6574-419A-9C8D-7A0D37FFFBFA}.Debug|Any CPU.Build.0 = Debug|Any CPU
		{E96DC5C5-6574-419A-9C8D-7A0D37FFFBFA}.Debug|x64.ActiveCfg = Debug|Any CPU
		{E96DC5C5-6574-419A-9C8D-7A0D37FFFBFA}.Debug|x64.Build.0 = Debug|Any CPU
		{E96DC5C5-6574-419A-9C8D-7A0D37FFFBFA}.Debug|x86.ActiveCfg = Debug|Any CPU
		{E96DC5C5-6574-419A-9C8D-7A0D37FFFBFA}.Debug|x86.Build.0 = Debug|Any CPU
		{E96DC5C5-6574-419A-9C8D-7A0D37FFFBFA}.Release|Any CPU.ActiveCfg = Release|Any CPU
		{E96DC5C5-6574-419A-9C8D-7A0D37FFFBFA}.Release|Any CPU.Build.0 = Release|Any CPU
		{E96DC5C5-6574-419A-9C8D-7A0D37FFFBFA}.Release|x64.ActiveCfg = Release|Any CPU
		{E96DC5C5-6574-419A-9C8D-7A0D37FFFBFA}.Release|x64.Build.0 = Release|Any CPU
		{E96DC5C5-6574-419A-9C8D-7A0D37FFFBFA}.Release|x86.ActiveCfg = Release|Any CPU
		{E96DC5C5-6574-419A-9C8D-7A0D37FFFBFA}.Release|x86.Build.0 = Release|Any CPU
		{1C73C866-CAD6-4097-85EB-D0ECA10C7923}.Debug|Any CPU.ActiveCfg = Debug|Any CPU
		{1C73C866-CAD6-4097-85EB-D0ECA10C7923}.Debug|Any CPU.Build.0 = Debug|Any CPU
		{1C73C866-CAD6-4097-85EB-D0ECA10C7923}.Debug|x64.ActiveCfg = Debug|Any CPU
		{1C73C866-CAD6-4097-85EB-D0ECA10C7923}.Debug|x64.Build.0 = Debug|Any CPU
		{1C73C866-CAD6-4097-85EB-D0ECA10C7923}.Debug|x86.ActiveCfg = Debug|Any CPU
		{1C73C866-CAD6-4097-85EB-D0ECA10C7923}.Debug|x86.Build.0 = Debug|Any CPU
		{1C73C866-CAD6-4097-85EB-D0ECA10C7923}.Release|Any CPU.ActiveCfg = Release|Any CPU
		{1C73C866-CAD6-4097-85EB-D0ECA10C7923}.Release|Any CPU.Build.0 = Release|Any CPU
		{1C73C866-CAD6-4097-85EB-D0ECA10C7923}.Release|x64.ActiveCfg = Release|Any CPU
		{1C73C866-CAD6-4097-85EB-D0ECA10C7923}.Release|x64.Build.0 = Release|Any CPU
		{1C73C866-CAD6-4097-85EB-D0ECA10C7923}.Release|x86.ActiveCfg = Release|Any CPU
		{1C73C866-CAD6-4097-85EB-D0ECA10C7923}.Release|x86.Build.0 = Release|Any CPU
		{26FFC9F5-9028-4830-A1EB-2DC090BE92E9}.Debug|Any CPU.ActiveCfg = Debug|Any CPU
		{26FFC9F5-9028-4830-A1EB-2DC090BE92E9}.Debug|Any CPU.Build.0 = Debug|Any CPU
		{26FFC9F5-9028-4830-A1EB-2DC090BE92E9}.Debug|x64.ActiveCfg = Debug|Any CPU
		{26FFC9F5-9028-4830-A1EB-2DC090BE92E9}.Debug|x64.Build.0 = Debug|Any CPU
		{26FFC9F5-9028-4830-A1EB-2DC090BE92E9}.Debug|x86.ActiveCfg = Debug|Any CPU
		{26FFC9F5-9028-4830-A1EB-2DC090BE92E9}.Debug|x86.Build.0 = Debug|Any CPU
		{26FFC9F5-9028-4830-A1EB-2DC090BE92E9}.Release|Any CPU.ActiveCfg = Release|Any CPU
		{26FFC9F5-9028-4830-A1EB-2DC090BE92E9}.Release|Any CPU.Build.0 = Release|Any CPU
		{26FFC9F5-9028-4830-A1EB-2DC090BE92E9}.Release|x64.ActiveCfg = Release|Any CPU
		{26FFC9F5-9028-4830-A1EB-2DC090BE92E9}.Release|x64.Build.0 = Release|Any CPU
		{26FFC9F5-9028-4830-A1EB-2DC090BE92E9}.Release|x86.ActiveCfg = Release|Any CPU
		{26FFC9F5-9028-4830-A1EB-2DC090BE92E9}.Release|x86.Build.0 = Release|Any CPU
		{894DEDBF-5035-4CB9-898B-C6A161EC6C97}.Debug|Any CPU.ActiveCfg = Debug|Any CPU
		{894DEDBF-5035-4CB9-898B-C6A161EC6C97}.Debug|Any CPU.Build.0 = Debug|Any CPU
		{894DEDBF-5035-4CB9-898B-C6A161EC6C97}.Debug|x64.ActiveCfg = Debug|Any CPU
		{894DEDBF-5035-4CB9-898B-C6A161EC6C97}.Debug|x64.Build.0 = Debug|Any CPU
		{894DEDBF-5035-4CB9-898B-C6A161EC6C97}.Debug|x86.ActiveCfg = Debug|Any CPU
		{894DEDBF-5035-4CB9-898B-C6A161EC6C97}.Debug|x86.Build.0 = Debug|Any CPU
		{894DEDBF-5035-4CB9-898B-C6A161EC6C97}.Release|Any CPU.ActiveCfg = Release|Any CPU
		{894DEDBF-5035-4CB9-898B-C6A161EC6C97}.Release|Any CPU.Build.0 = Release|Any CPU
		{894DEDBF-5035-4CB9-898B-C6A161EC6C97}.Release|x64.ActiveCfg = Release|Any CPU
		{894DEDBF-5035-4CB9-898B-C6A161EC6C97}.Release|x64.Build.0 = Release|Any CPU
		{894DEDBF-5035-4CB9-898B-C6A161EC6C97}.Release|x86.ActiveCfg = Release|Any CPU
		{894DEDBF-5035-4CB9-898B-C6A161EC6C97}.Release|x86.Build.0 = Release|Any CPU
		{671C53DD-E8EA-41D0-8E87-A4E0D3586F7E}.Debug|Any CPU.ActiveCfg = Debug|Any CPU
		{671C53DD-E8EA-41D0-8E87-A4E0D3586F7E}.Debug|Any CPU.Build.0 = Debug|Any CPU
		{671C53DD-E8EA-41D0-8E87-A4E0D3586F7E}.Debug|x64.ActiveCfg = Debug|Any CPU
		{671C53DD-E8EA-41D0-8E87-A4E0D3586F7E}.Debug|x64.Build.0 = Debug|Any CPU
		{671C53DD-E8EA-41D0-8E87-A4E0D3586F7E}.Debug|x86.ActiveCfg = Debug|Any CPU
		{671C53DD-E8EA-41D0-8E87-A4E0D3586F7E}.Debug|x86.Build.0 = Debug|Any CPU
		{671C53DD-E8EA-41D0-8E87-A4E0D3586F7E}.Release|Any CPU.ActiveCfg = Release|Any CPU
		{671C53DD-E8EA-41D0-8E87-A4E0D3586F7E}.Release|Any CPU.Build.0 = Release|Any CPU
		{671C53DD-E8EA-41D0-8E87-A4E0D3586F7E}.Release|x64.ActiveCfg = Release|Any CPU
		{671C53DD-E8EA-41D0-8E87-A4E0D3586F7E}.Release|x64.Build.0 = Release|Any CPU
		{671C53DD-E8EA-41D0-8E87-A4E0D3586F7E}.Release|x86.ActiveCfg = Release|Any CPU
		{671C53DD-E8EA-41D0-8E87-A4E0D3586F7E}.Release|x86.Build.0 = Release|Any CPU
		{7C492B85-A22C-48E1-AAC6-A8E15374ED3B}.Debug|Any CPU.ActiveCfg = Debug|Any CPU
		{7C492B85-A22C-48E1-AAC6-A8E15374ED3B}.Debug|Any CPU.Build.0 = Debug|Any CPU
		{7C492B85-A22C-48E1-AAC6-A8E15374ED3B}.Debug|x64.ActiveCfg = Debug|Any CPU
		{7C492B85-A22C-48E1-AAC6-A8E15374ED3B}.Debug|x64.Build.0 = Debug|Any CPU
		{7C492B85-A22C-48E1-AAC6-A8E15374ED3B}.Debug|x86.ActiveCfg = Debug|Any CPU
		{7C492B85-A22C-48E1-AAC6-A8E15374ED3B}.Debug|x86.Build.0 = Debug|Any CPU
		{7C492B85-A22C-48E1-AAC6-A8E15374ED3B}.Release|Any CPU.ActiveCfg = Release|Any CPU
		{7C492B85-A22C-48E1-AAC6-A8E15374ED3B}.Release|Any CPU.Build.0 = Release|Any CPU
		{7C492B85-A22C-48E1-AAC6-A8E15374ED3B}.Release|x64.ActiveCfg = Release|Any CPU
		{7C492B85-A22C-48E1-AAC6-A8E15374ED3B}.Release|x64.Build.0 = Release|Any CPU
		{7C492B85-A22C-48E1-AAC6-A8E15374ED3B}.Release|x86.ActiveCfg = Release|Any CPU
		{7C492B85-A22C-48E1-AAC6-A8E15374ED3B}.Release|x86.Build.0 = Release|Any CPU
		{8872664B-CAD4-4BF5-9738-B32B4D3756B8}.Debug|Any CPU.ActiveCfg = Debug|Any CPU
		{8872664B-CAD4-4BF5-9738-B32B4D3756B8}.Debug|Any CPU.Build.0 = Debug|Any CPU
		{8872664B-CAD4-4BF5-9738-B32B4D3756B8}.Debug|x64.ActiveCfg = Debug|Any CPU
		{8872664B-CAD4-4BF5-9738-B32B4D3756B8}.Debug|x64.Build.0 = Debug|Any CPU
		{8872664B-CAD4-4BF5-9738-B32B4D3756B8}.Debug|x86.ActiveCfg = Debug|Any CPU
		{8872664B-CAD4-4BF5-9738-B32B4D3756B8}.Debug|x86.Build.0 = Debug|Any CPU
		{8872664B-CAD4-4BF5-9738-B32B4D3756B8}.Release|Any CPU.ActiveCfg = Release|Any CPU
		{8872664B-CAD4-4BF5-9738-B32B4D3756B8}.Release|Any CPU.Build.0 = Release|Any CPU
		{8872664B-CAD4-4BF5-9738-B32B4D3756B8}.Release|x64.ActiveCfg = Release|Any CPU
		{8872664B-CAD4-4BF5-9738-B32B4D3756B8}.Release|x64.Build.0 = Release|Any CPU
		{8872664B-CAD4-4BF5-9738-B32B4D3756B8}.Release|x86.ActiveCfg = Release|Any CPU
		{8872664B-CAD4-4BF5-9738-B32B4D3756B8}.Release|x86.Build.0 = Release|Any CPU
		{675C55CF-2852-4DE0-A4EB-DB61C8737D7F}.Debug|Any CPU.ActiveCfg = Debug|Any CPU
		{675C55CF-2852-4DE0-A4EB-DB61C8737D7F}.Debug|Any CPU.Build.0 = Debug|Any CPU
		{675C55CF-2852-4DE0-A4EB-DB61C8737D7F}.Debug|x64.ActiveCfg = Debug|Any CPU
		{675C55CF-2852-4DE0-A4EB-DB61C8737D7F}.Debug|x64.Build.0 = Debug|Any CPU
		{675C55CF-2852-4DE0-A4EB-DB61C8737D7F}.Debug|x86.ActiveCfg = Debug|Any CPU
		{675C55CF-2852-4DE0-A4EB-DB61C8737D7F}.Debug|x86.Build.0 = Debug|Any CPU
		{675C55CF-2852-4DE0-A4EB-DB61C8737D7F}.Release|Any CPU.ActiveCfg = Release|Any CPU
		{675C55CF-2852-4DE0-A4EB-DB61C8737D7F}.Release|Any CPU.Build.0 = Release|Any CPU
		{675C55CF-2852-4DE0-A4EB-DB61C8737D7F}.Release|x64.ActiveCfg = Release|Any CPU
		{675C55CF-2852-4DE0-A4EB-DB61C8737D7F}.Release|x64.Build.0 = Release|Any CPU
		{675C55CF-2852-4DE0-A4EB-DB61C8737D7F}.Release|x86.ActiveCfg = Release|Any CPU
		{675C55CF-2852-4DE0-A4EB-DB61C8737D7F}.Release|x86.Build.0 = Release|Any CPU
		{23DD65E2-3391-4A5F-8A7A-2289671AA731}.Debug|Any CPU.ActiveCfg = Debug|Any CPU
		{23DD65E2-3391-4A5F-8A7A-2289671AA731}.Debug|Any CPU.Build.0 = Debug|Any CPU
		{23DD65E2-3391-4A5F-8A7A-2289671AA731}.Debug|x64.ActiveCfg = Debug|Any CPU
		{23DD65E2-3391-4A5F-8A7A-2289671AA731}.Debug|x64.Build.0 = Debug|Any CPU
		{23DD65E2-3391-4A5F-8A7A-2289671AA731}.Debug|x86.ActiveCfg = Debug|Any CPU
		{23DD65E2-3391-4A5F-8A7A-2289671AA731}.Debug|x86.Build.0 = Debug|Any CPU
		{23DD65E2-3391-4A5F-8A7A-2289671AA731}.Release|Any CPU.ActiveCfg = Release|Any CPU
		{23DD65E2-3391-4A5F-8A7A-2289671AA731}.Release|Any CPU.Build.0 = Release|Any CPU
		{23DD65E2-3391-4A5F-8A7A-2289671AA731}.Release|x64.ActiveCfg = Release|Any CPU
		{23DD65E2-3391-4A5F-8A7A-2289671AA731}.Release|x64.Build.0 = Release|Any CPU
		{23DD65E2-3391-4A5F-8A7A-2289671AA731}.Release|x86.ActiveCfg = Release|Any CPU
		{23DD65E2-3391-4A5F-8A7A-2289671AA731}.Release|x86.Build.0 = Release|Any CPU
	EndGlobalSection
	GlobalSection(SolutionProperties) = preSolution
		HideSolutionNode = FALSE
	EndGlobalSection
	GlobalSection(NestedProjects) = preSolution
		{FC70460F-B7A2-48CA-993E-049EB5320F29} = {CA4C041F-9B3B-4451-AD00-9407E18F605B}
		{31D05C17-4499-4D0C-AEF3-800EDC13510E} = {FAF9C4B7-D06F-4B29-A83B-91DCDB99EBAB}
		{5D26656E-3BA5-4FF8-8AFB-ECF82ED948A3} = {B0CC7895-065F-49FD-AC2D-F95E17BBBD3A}
		{C7C9E907-7F66-4A07-BA6E-2AACF59AE8CA} = {152C97EB-D7C0-43EB-8601-CBD88297524C}
		{79416C05-1B15-4C02-8B27-9BAD93BCBE7E} = {98FA45C2-115C-42F1-8354-03083B8EA067}
		{DF374D3E-A7CF-4552-B99C-620B3991907A} = {4CD3A860-0D49-47F5-98F3-D3056741BAB3}
		{E96DC5C5-6574-419A-9C8D-7A0D37FFFBFA} = {CB44A5D4-5EE3-460A-9385-9C48281980B1}
		{1C73C866-CAD6-4097-85EB-D0ECA10C7923} = {67079C13-C5F5-4B0B-91C0-A05E40547881}
		{26FFC9F5-9028-4830-A1EB-2DC090BE92E9} = {6C83A02B-CAD3-46A9-82F1-69E3F622F81A}
		{894DEDBF-5035-4CB9-898B-C6A161EC6C97} = {1B3807DD-6FFB-45A2-984D-AD63B5795F57}
		{671C53DD-E8EA-41D0-8E87-A4E0D3586F7E} = {0BB392D0-422C-43DD-A4E2-33E9622DA470}
		{7C492B85-A22C-48E1-AAC6-A8E15374ED3B} = {FB1236FE-1030-4552-A49F-BF782F76A5EF}
		{8872664B-CAD4-4BF5-9738-B32B4D3756B8} = {43B76DD2-E4A8-44E6-9591-CA053F6C9275}
		{675C55CF-2852-4DE0-A4EB-DB61C8737D7F} = {63D4C359-48B6-417C-8EDC-9A27959BEDCB}
		{23DD65E2-3391-4A5F-8A7A-2289671AA731} = {5DEFD01E-0370-4156-BE40-C0F14FBEF2CB}
	EndGlobalSection
EndGlobal
