
Microsoft Visual Studio Solution File, Format Version 12.00
# Visual Studio 14
VisualStudioVersion = 14.0.25420.1
MinimumVisualStudioVersion = 10.0.40219.1
Project("{2150E333-8FDC-42A3-9474-1A3956D46DE8}") = "KK", "KK", "{CA4C041F-9B3B-4451-AD00-9407E18F605B}"
EndProject
Project("{FAE04EC0-301F-11D3-BF4B-00C04F79EFBC}") = "DS.Algorithms.KK", "DS.Algorithms.KK\DS.Algorithms.KK.csproj", "{FC70460F-B7A2-48CA-993E-049EB5320F29}"
EndProject
Project("{2150E333-8FDC-42A3-9474-1A3956D46DE8}") = "Satish", "Satish", "{0BB392D0-422C-43DD-A4E2-33E9622DA470}"
EndProject
Project("{2150E333-8FDC-42A3-9474-1A3956D46DE8}") = "PrinceJoel", "PrinceJoel", "{CB44A5D4-5EE3-460A-9385-9C48281980B1}"
EndProject
Project("{2150E333-8FDC-42A3-9474-1A3956D46DE8}") = "David", "David", "{B0CC7895-065F-49FD-AC2D-F95E17BBBD3A}"
EndProject
Project("{2150E333-8FDC-42A3-9474-1A3956D46DE8}") = "ShashiPriya", "ShashiPriya", "{FB1236FE-1030-4552-A49F-BF782F76A5EF}"
EndProject
Project("{2150E333-8FDC-42A3-9474-1A3956D46DE8}") = "Srikanth", "Srikanth", "{43B76DD2-E4A8-44E6-9591-CA053F6C9275}"
EndProject
Project("{2150E333-8FDC-42A3-9474-1A3956D46DE8}") = "RajaRamesh", "RajaRamesh", "{6C83A02B-CAD3-46A9-82F1-69E3F622F81A}"
EndProject
Project("{2150E333-8FDC-42A3-9474-1A3956D46DE8}") = "Bhanu", "Bhanu", "{FAF9C4B7-D06F-4B29-A83B-91DCDB99EBAB}"
EndProject
Project("{2150E333-8FDC-42A3-9474-1A3956D46DE8}") = "EP", "EP", "{152C97EB-D7C0-43EB-8601-CBD88297524C}"
EndProject
Project("{2150E333-8FDC-42A3-9474-1A3956D46DE8}") = "Srini", "Srini", "{63D4C359-48B6-417C-8EDC-9A27959BEDCB}"
EndProject
Project("{2150E333-8FDC-42A3-9474-1A3956D46DE8}") = "Kranthi", "Kranthi", "{4CD3A860-0D49-47F5-98F3-D3056741BAB3}"
EndProject
Project("{2150E333-8FDC-42A3-9474-1A3956D46DE8}") = "RajaM", "RajaM", "{67079C13-C5F5-4B0B-91C0-A05E40547881}"
EndProject
Project("{2150E333-8FDC-42A3-9474-1A3956D46DE8}") = "JP", "JP", "{98FA45C2-115C-42F1-8354-03083B8EA067}"
EndProject
Project("{2150E333-8FDC-42A3-9474-1A3956D46DE8}") = "Sandeep", "Sandeep", "{1B3807DD-6FFB-45A2-984D-AD63B5795F57}"
EndProject
Global
	GlobalSection(SolutionConfigurationPlatforms) = preSolution
		Debug|Any CPU = Debug|Any CPU
		Release|Any CPU = Release|Any CPU
	EndGlobalSection
	GlobalSection(ProjectConfigurationPlatforms) = postSolution
		{FC70460F-B7A2-48CA-993E-049EB5320F29}.Debug|Any CPU.ActiveCfg = Debug|Any CPU
		{FC70460F-B7A2-48CA-993E-049EB5320F29}.Debug|Any CPU.Build.0 = Debug|Any CPU
		{FC70460F-B7A2-48CA-993E-049EB5320F29}.Release|Any CPU.ActiveCfg = Release|Any CPU
		{FC70460F-B7A2-48CA-993E-049EB5320F29}.Release|Any CPU.Build.0 = Release|Any CPU
	EndGlobalSection
	GlobalSection(SolutionProperties) = preSolution
		HideSolutionNode = FALSE
	EndGlobalSection
	GlobalSection(NestedProjects) = preSolution
		{FC70460F-B7A2-48CA-993E-049EB5320F29} = {CA4C041F-9B3B-4451-AD00-9407E18F605B}
	EndGlobalSection
EndGlobal
